{
  "version": 4,
  "terraform_version": "1.9.2",
  "serial": 8,
  "lineage": "043cdeed-29ca-2385-aa74-b10abee3276b",
  "outputs": {},
  "resources": [
    {
      "mode": "data",
      "type": "archive_file",
      "name": "func",
      "provider": "provider[\"registry.terraform.io/hashicorp/archive\"]",
      "instances": [
        {
          "schema_version": 0,
          "attributes": {
            "exclude_symlink_directories": null,
            "excludes": null,
            "id": "c7daac0d6f70c0915af4297353bf9f3c7013d646",
            "output_base64sha256": "yMBJDwaGcuhLGpqAcbtUZp3PDjSY3xeaHCIGrEVicaM=",
            "output_base64sha512": "JBzk2YVilTR0tbNz1Z+zc+9h8WUNMAhY+97t1Di6M/mMt1io6WF7bgfM44s+Knb+YnPJAFBfb9aNXTrp1O3ylg==",
            "output_file_mode": null,
            "output_md5": "cade208d40ac7e84a0ab38578e60c06c",
            "output_path": "./lambda/func.zip",
            "output_sha": "c7daac0d6f70c0915af4297353bf9f3c7013d646",
            "output_sha256": "c8c0490f068672e84b1a9a8071bb54669dcf0e3498df179a1c2206ac456271a3",
            "output_sha512": "241ce4d98562953474b5b373d59fb373ef61f1650d300858fbdeedd438ba33f98cb758a8e9617b6e07cce38b3e2a76fe6273c900505f6fd68d5d3ae9d4edf296",
            "output_size": 793,
            "source": [],
            "source_content": null,
            "source_content_filename": null,
            "source_dir": "./lambda/",
            "source_file": null,
            "type": "zip"
          },
          "sensitive_attributes": []
        }
      ]
    },
    {
      "mode": "managed",
      "type": "aws_iam_policy",
      "name": "lambda_policy",
      "provider": "provider[\"registry.terraform.io/hashicorp/aws\"]",
      "instances": [
        {
          "schema_version": 0,
          "attributes": {
            "arn": "arn:aws:iam::471112921180:policy/lambda_policy",
            "attachment_count": 0,
            "description": "Policy for Lambda function",
            "id": "arn:aws:iam::471112921180:policy/lambda_policy",
            "name": "lambda_policy",
            "name_prefix": "",
            "path": "/",
            "policy": "{\"Statement\":[{\"Action\":\"logs:*\",\"Effect\":\"Allow\",\"Resource\":\"*\"},{\"Action\":[\"dynamodb:GetItem\",\"dynamodb:PutItem\"],\"Effect\":\"Allow\",\"Resource\":\"arn:aws:dynamodb:us-west-2:123456789012:table/HitCounter\"},{\"Action\":\"lambda:*\",\"Effect\":\"Allow\",\"Resource\":\"*\"},{\"Action\":\"cloudwatch:GetInsightRuleReport\",\"Effect\":\"Allow\",\"Resource\":\"arn:aws:cloudwatch:*:*:insight-rule/DynamoDBContributorInsights*\"},{\"Action\":\"iam:CreateServiceLinkedRole\",\"Condition\":{\"StringEquals\":{\"iam:AWSServiceName\":[\"replication.dynamodb.amazonaws.com\",\"dax.amazonaws.com\",\"dynamodb.application-autoscaling.amazonaws.com\",\"contributorinsights.dynamodb.amazonaws.com\",\"kinesisreplication.dynamodb.amazonaws.com\"]}},\"Effect\":\"Allow\",\"Resource\":\"*\"}],\"Version\":\"2012-10-17\"}",
            "policy_id": "ANPAW3MEEWBOMKGSQXKUT",
            "tags": null,
            "tags_all": {}
          },
          "sensitive_attributes": [],
          "private": "bnVsbA=="
        }
      ]
    },
    {
      "mode": "managed",
      "type": "aws_iam_role",
      "name": "lambda_exec_role",
      "provider": "provider[\"registry.terraform.io/hashicorp/aws\"]",
      "instances": [
        {
          "schema_version": 0,
          "attributes": {
            "arn": "arn:aws:iam::471112921180:role/lambda_exec_role",
            "assume_role_policy": "{\"Statement\":[{\"Action\":\"sts:AssumeRole\",\"Effect\":\"Allow\",\"Principal\":{\"Service\":\"lambda.amazonaws.com\"}}],\"Version\":\"2012-10-17\"}",
            "create_date": "2024-07-28T07:44:55Z",
            "description": "",
            "force_detach_policies": false,
            "id": "lambda_exec_role",
            "inline_policy": [],
            "managed_policy_arns": [],
            "max_session_duration": 3600,
            "name": "lambda_exec_role",
            "name_prefix": "",
            "path": "/",
            "permissions_boundary": "",
            "tags": null,
            "tags_all": {},
            "unique_id": "AROAW3MEEWBODW774RA4G"
          },
          "sensitive_attributes": [],
          "private": "bnVsbA==",
          "create_before_destroy": true
        }
      ]
    },
    {
      "mode": "managed",
      "type": "aws_iam_role_policy_attachment",
      "name": "lambda_policy_attachment",
      "provider": "provider[\"registry.terraform.io/hashicorp/aws\"]",
      "instances": [
        {
          "schema_version": 0,
          "attributes": {
            "id": "lambda_exec_role-20240728074456921000000001",
            "policy_arn": "arn:aws:iam::471112921180:policy/lambda_policy",
            "role": "lambda_exec_role"
          },
          "sensitive_attributes": [],
          "private": "bnVsbA==",
          "dependencies": [
            "aws_iam_policy.lambda_policy",
            "aws_iam_role.lambda_exec_role"
          ]
        }
      ]
    }
  ],
  "check_results": null
}
